
Microsoft Visual Studio Solution File, Format Version 12.00
# Visual Studio Version 17
VisualStudioVersion = 17.3.32929.385
MinimumVisualStudioVersion = 10.0.40219.1
Project("{FAE04EC0-301F-11D3-BF4B-00C04F79EFBC}") = "SnakeGaming", "SnakeGaming\SnakeGaming.csproj", "{21777B8B-990C-42CD-8724-F921F88EFED9}"
EndProject
Global
	GlobalSection(SolutionConfigurationPlatforms) = preSolution
		Debug|Any CPU = Debug|Any CPU
		Release|Any CPU = Release|Any CPU
	EndGlobalSection
	GlobalSection(ProjectConfigurationPlatforms) = postSolution
		{21777B8B-990C-42CD-8724-F921F88EFED9}.Debug|Any CPU.ActiveCfg = Debug|Any CPU
		{21777B8B-990C-42CD-8724-F921F88EFED9}.Debug|Any CPU.Build.0 = Debug|Any CPU
		{21777B8B-990C-42CD-8724-F921F88EFED9}.Release|Any CPU.ActiveCfg = Release|Any CPU
		{21777B8B-990C-42CD-8724-F921F88EFED9}.Release|Any CPU.Build.0 = Release|Any CPU
	EndGlobalSection
	GlobalSection(SolutionProperties) = preSolution
		HideSolutionNode = FALSE
	EndGlobalSection
	GlobalSection(ExtensibilityGlobals) = postSolution
		SolutionGuid = {F064A6D5-EBE2-4F63-A4BB-6EAF2D72D9A3}
	EndGlobalSection
EndGlobal
